
Microsoft Visual Studio Solution File, Format Version 12.00
# Visual Studio Version 17
VisualStudioVersion = 17.13.35818.85 d17.13
MinimumVisualStudioVersion = 10.0.40219.1
Project("{FAE04EC0-301F-11D3-BF4B-00C04F79EFBC}") = "Practical-20", "Practical-20\Practical-20.csproj", "{0294F483-4758-40DD-819E-04D26B538DA7}"
EndProject
Global
	GlobalSection(SolutionConfigurationPlatforms) = preSolution
		Debug|Any CPU = Debug|Any CPU
		Release|Any CPU = Release|Any CPU
	EndGlobalSection
	GlobalSection(ProjectConfigurationPlatforms) = postSolution
		{0294F483-4758-40DD-819E-04D26B538DA7}.Debug|Any CPU.ActiveCfg = Debug|Any CPU
		{0294F483-4758-40DD-819E-04D26B538DA7}.Debug|Any CPU.Build.0 = Debug|Any CPU
		{0294F483-4758-40DD-819E-04D26B538DA7}.Release|Any CPU.ActiveCfg = Release|Any CPU
		{0294F483-4758-40DD-819E-04D26B538DA7}.Release|Any CPU.Build.0 = Release|Any CPU
	EndGlobalSection
	GlobalSection(SolutionProperties) = preSolution
		HideSolutionNode = FALSE
	EndGlobalSection
	GlobalSection(ExtensibilityGlobals) = postSolution
		SolutionGuid = {AC59C129-1E0B-4057-9E53-121CC82C8025}
	EndGlobalSection
EndGlobal
